{
  "name": "pong",
  "lockfileVersion": 3,
  "requires": true,
  "packages": {
    "": {
      "dependencies": {
        "exif-js": "^2.3.0",
        "exifreader": "^4.31.1",
        "heic2any": "^0.0.4"
      }
    },
    "node_modules/@xmldom/xmldom": {
      "version": "0.9.8",
      "resolved": "https://registry.npmjs.org/@xmldom/xmldom/-/xmldom-0.9.8.tgz",
      "integrity": "sha512-p96FSY54r+WJ50FIOsCOjyj/wavs8921hG5+kVMmZgKcvIKxMXHTrjNJvRgWa/zuX3B6t2lijLNFaOyuxUH+2A==",
      "license": "MIT",
      "optional": true,
      "engines": {
        "node": ">=14.6"
      }
    },
    "node_modules/exif-js": {
      "version": "2.3.0",
      "resolved": "https://registry.npmjs.org/exif-js/-/exif-js-2.3.0.tgz",
      "integrity": "sha512-1Og9pAzG2FZRVlaavH8bB8BTeHcjMdJhKmeQITkX+uLRCD0xPtKAdZ2clZmQdJ56p9adXtJ8+jwrGp/4505lYg==",
      "license": "MIT"
    },
    "node_modules/exifreader": {
      "version": "4.31.1",
      "resolved": "https://registry.npmjs.org/exifreader/-/exifreader-4.31.1.tgz",
      "integrity": "sha512-rkSg/NejDN9D+8GuRWZ2Y4G8KSrj0hdaeMoew8d0J5cF5oS0p6DVar2PSQ0fP3assu6s1PYh6M1lhtS7Kigk6Q==",
      "hasInstallScript": true,
      "license": "MPL-2.0",
      "optionalDependencies": {
        "@xmldom/xmldom": "^0.9.4"
      }
    },
    "node_modules/heic2any": {
      "version": "0.0.4",
      "resolved": "https://registry.npmjs.org/heic2any/-/heic2any-0.0.4.tgz",
      "integrity": "sha512-3lLnZiDELfabVH87htnRolZ2iehX9zwpRyGNz22GKXIu0fznlblf0/ftppXKNqS26dqFSeqfIBhAmAj/uSp0cA==",
      "license": "MIT"
    }
  }
}
